
Microsoft Visual Studio Solution File, Format Version 12.00
# Visual Studio 14
VisualStudioVersion = 14.0.23107.0
MinimumVisualStudioVersion = 10.0.40219.1
Project("{FAE04EC0-301F-11D3-BF4B-00C04F79EFBC}") = "VATTaxCalculator", "VATTaxCalculator\VATTaxCalculator.csproj", "{D21B0177-23B8-44DA-9EB1-BF80CB29CBAD}"
EndProject
Project("{FAE04EC0-301F-11D3-BF4B-00C04F79EFBC}") = "ShopInventory", "ShopInventory\ShopInventory.csproj", "{3654E2EF-CE84-4498-97F0-2B6F26E06CD9}"
EndProject
Project("{FAE04EC0-301F-11D3-BF4B-00C04F79EFBC}") = "Bouncing", "Bouncing\Bouncing.csproj", "{83582CD3-1C5B-435B-BB98-74AED4DBE79B}"
EndProject
Global
	GlobalSection(SolutionConfigurationPlatforms) = preSolution
		Debug|Any CPU = Debug|Any CPU
		Release|Any CPU = Release|Any CPU
	EndGlobalSection
	GlobalSection(ProjectConfigurationPlatforms) = postSolution
		{D21B0177-23B8-44DA-9EB1-BF80CB29CBAD}.Debug|Any CPU.ActiveCfg = Debug|Any CPU
		{D21B0177-23B8-44DA-9EB1-BF80CB29CBAD}.Debug|Any CPU.Build.0 = Debug|Any CPU
		{D21B0177-23B8-44DA-9EB1-BF80CB29CBAD}.Release|Any CPU.ActiveCfg = Release|Any CPU
		{D21B0177-23B8-44DA-9EB1-BF80CB29CBAD}.Release|Any CPU.Build.0 = Release|Any CPU
		{3654E2EF-CE84-4498-97F0-2B6F26E06CD9}.Debug|Any CPU.ActiveCfg = Debug|Any CPU
		{3654E2EF-CE84-4498-97F0-2B6F26E06CD9}.Debug|Any CPU.Build.0 = Debug|Any CPU
		{3654E2EF-CE84-4498-97F0-2B6F26E06CD9}.Release|Any CPU.ActiveCfg = Release|Any CPU
		{3654E2EF-CE84-4498-97F0-2B6F26E06CD9}.Release|Any CPU.Build.0 = Release|Any CPU
		{83582CD3-1C5B-435B-BB98-74AED4DBE79B}.Debug|Any CPU.ActiveCfg = Debug|Any CPU
		{83582CD3-1C5B-435B-BB98-74AED4DBE79B}.Debug|Any CPU.Build.0 = Debug|Any CPU
		{83582CD3-1C5B-435B-BB98-74AED4DBE79B}.Release|Any CPU.ActiveCfg = Release|Any CPU
		{83582CD3-1C5B-435B-BB98-74AED4DBE79B}.Release|Any CPU.Build.0 = Release|Any CPU
	EndGlobalSection
	GlobalSection(SolutionProperties) = preSolution
		HideSolutionNode = FALSE
	EndGlobalSection
EndGlobal
