
Microsoft Visual Studio Solution File, Format Version 12.00
# Visual Studio 14
VisualStudioVersion = 14.0.23107.0
MinimumVisualStudioVersion = 10.0.40219.1
Project("{FAE04EC0-301F-11D3-BF4B-00C04F79EFBC}") = "Classes", "Classes\Classes.csproj", "{E9C0354A-5870-4748-9C79-680284AC0D8C}"
EndProject
Project("{FAE04EC0-301F-11D3-BF4B-00C04F79EFBC}") = "GeometryFigures", "GeometryFigures\GeometryFigures.csproj", "{22DE26A8-2820-4A3F-9E8F-B002463FEB0F}"
EndProject
Global
	GlobalSection(SolutionConfigurationPlatforms) = preSolution
		Debug|Any CPU = Debug|Any CPU
		Release|Any CPU = Release|Any CPU
	EndGlobalSection
	GlobalSection(ProjectConfigurationPlatforms) = postSolution
		{E9C0354A-5870-4748-9C79-680284AC0D8C}.Debug|Any CPU.ActiveCfg = Debug|Any CPU
		{E9C0354A-5870-4748-9C79-680284AC0D8C}.Debug|Any CPU.Build.0 = Debug|Any CPU
		{E9C0354A-5870-4748-9C79-680284AC0D8C}.Release|Any CPU.ActiveCfg = Release|Any CPU
		{E9C0354A-5870-4748-9C79-680284AC0D8C}.Release|Any CPU.Build.0 = Release|Any CPU
		{22DE26A8-2820-4A3F-9E8F-B002463FEB0F}.Debug|Any CPU.ActiveCfg = Debug|Any CPU
		{22DE26A8-2820-4A3F-9E8F-B002463FEB0F}.Debug|Any CPU.Build.0 = Debug|Any CPU
		{22DE26A8-2820-4A3F-9E8F-B002463FEB0F}.Release|Any CPU.ActiveCfg = Release|Any CPU
		{22DE26A8-2820-4A3F-9E8F-B002463FEB0F}.Release|Any CPU.Build.0 = Release|Any CPU
	EndGlobalSection
	GlobalSection(SolutionProperties) = preSolution
		HideSolutionNode = FALSE
	EndGlobalSection
EndGlobal
