
Microsoft Visual Studio Solution File, Format Version 12.00
# Visual Studio 14
VisualStudioVersion = 14.0.24720.0
MinimumVisualStudioVersion = 10.0.40219.1
Project("{FAE04EC0-301F-11D3-BF4B-00C04F79EFBC}") = "DTO", "DTO\DTO.csproj", "{BF256D53-623C-437C-BDA6-54523E2A0954}"
EndProject
Project("{FAE04EC0-301F-11D3-BF4B-00C04F79EFBC}") = "DBCommunicating", "DBCommunicating\DBCommunicating.csproj", "{B48E8223-A5D0-4821-AEAF-BD150C4E005D}"
EndProject
Global
	GlobalSection(SolutionConfigurationPlatforms) = preSolution
		Debug|Any CPU = Debug|Any CPU
		Release|Any CPU = Release|Any CPU
	EndGlobalSection
	GlobalSection(ProjectConfigurationPlatforms) = postSolution
		{BF256D53-623C-437C-BDA6-54523E2A0954}.Debug|Any CPU.ActiveCfg = Debug|Any CPU
		{BF256D53-623C-437C-BDA6-54523E2A0954}.Debug|Any CPU.Build.0 = Debug|Any CPU
		{BF256D53-623C-437C-BDA6-54523E2A0954}.Release|Any CPU.ActiveCfg = Release|Any CPU
		{BF256D53-623C-437C-BDA6-54523E2A0954}.Release|Any CPU.Build.0 = Release|Any CPU
		{B48E8223-A5D0-4821-AEAF-BD150C4E005D}.Debug|Any CPU.ActiveCfg = Debug|Any CPU
		{B48E8223-A5D0-4821-AEAF-BD150C4E005D}.Debug|Any CPU.Build.0 = Debug|Any CPU
		{B48E8223-A5D0-4821-AEAF-BD150C4E005D}.Release|Any CPU.ActiveCfg = Release|Any CPU
		{B48E8223-A5D0-4821-AEAF-BD150C4E005D}.Release|Any CPU.Build.0 = Release|Any CPU
	EndGlobalSection
	GlobalSection(SolutionProperties) = preSolution
		HideSolutionNode = FALSE
	EndGlobalSection
EndGlobal
