
Microsoft Visual Studio Solution File, Format Version 12.00
# Visual Studio 14
VisualStudioVersion = 14.0.24720.0
MinimumVisualStudioVersion = 10.0.40219.1
Project("{FAE04EC0-301F-11D3-BF4B-00C04F79EFBC}") = "StylishCalculator", "StylishCalculator\StylishCalculator.csproj", "{AC299C3B-BB84-43D5-871B-55F9E70A04D2}"
EndProject
Project("{FAE04EC0-301F-11D3-BF4B-00C04F79EFBC}") = "EmployeeEditor", "EmployeeEditor\EmployeeEditor.csproj", "{BCAA2456-7850-4EF8-BF6C-AD17DD8E1FE9}"
EndProject
Global
	GlobalSection(SolutionConfigurationPlatforms) = preSolution
		Debug|Any CPU = Debug|Any CPU
		Release|Any CPU = Release|Any CPU
	EndGlobalSection
	GlobalSection(ProjectConfigurationPlatforms) = postSolution
		{AC299C3B-BB84-43D5-871B-55F9E70A04D2}.Debug|Any CPU.ActiveCfg = Debug|Any CPU
		{AC299C3B-BB84-43D5-871B-55F9E70A04D2}.Debug|Any CPU.Build.0 = Debug|Any CPU
		{AC299C3B-BB84-43D5-871B-55F9E70A04D2}.Release|Any CPU.ActiveCfg = Release|Any CPU
		{AC299C3B-BB84-43D5-871B-55F9E70A04D2}.Release|Any CPU.Build.0 = Release|Any CPU
		{BCAA2456-7850-4EF8-BF6C-AD17DD8E1FE9}.Debug|Any CPU.ActiveCfg = Debug|Any CPU
		{BCAA2456-7850-4EF8-BF6C-AD17DD8E1FE9}.Debug|Any CPU.Build.0 = Debug|Any CPU
		{BCAA2456-7850-4EF8-BF6C-AD17DD8E1FE9}.Release|Any CPU.ActiveCfg = Release|Any CPU
		{BCAA2456-7850-4EF8-BF6C-AD17DD8E1FE9}.Release|Any CPU.Build.0 = Release|Any CPU
	EndGlobalSection
	GlobalSection(SolutionProperties) = preSolution
		HideSolutionNode = FALSE
	EndGlobalSection
EndGlobal
